
Microsoft Visual Studio Solution File, Format Version 12.00
# Visual Studio Version 17
VisualStudioVersion = 17.0.32014.148
MinimumVisualStudioVersion = 10.0.40219.1
Project("{9A19103F-16F7-4668-BE54-9A1E7A4F7556}") = "Library.Api", "Library.Api\Library.Api.csproj", "{23C4C8AB-1BBB-467C-8FA5-AB59DA1D9895}"
EndProject
Project("{9A19103F-16F7-4668-BE54-9A1E7A4F7556}") = "Library.App", "Library.App\Library.App.csproj", "{AFACCAB1-61C1-44B7-B258-BA7774D7735B}"
EndProject
Project("{9A19103F-16F7-4668-BE54-9A1E7A4F7556}") = "Library.Shared", "Library.Shared\Library.Shared.csproj", "{02169855-6875-4EF9-B642-F1B2BE16AF52}"
EndProject
Project("{9A19103F-16F7-4668-BE54-9A1E7A4F7556}") = "Library.Tests", "Library.Tests\Library.Tests.csproj", "{7282667D-6EE9-454D-871E-01BF0EE13389}"
EndProject
Global
	GlobalSection(SolutionConfigurationPlatforms) = preSolution
		Debug|Any CPU = Debug|Any CPU
		Release|Any CPU = Release|Any CPU
	EndGlobalSection
	GlobalSection(ProjectConfigurationPlatforms) = postSolution
		{23C4C8AB-1BBB-467C-8FA5-AB59DA1D9895}.Debug|Any CPU.ActiveCfg = Debug|Any CPU
		{23C4C8AB-1BBB-467C-8FA5-AB59DA1D9895}.Debug|Any CPU.Build.0 = Debug|Any CPU
		{23C4C8AB-1BBB-467C-8FA5-AB59DA1D9895}.Release|Any CPU.ActiveCfg = Release|Any CPU
		{23C4C8AB-1BBB-467C-8FA5-AB59DA1D9895}.Release|Any CPU.Build.0 = Release|Any CPU
		{AFACCAB1-61C1-44B7-B258-BA7774D7735B}.Debug|Any CPU.ActiveCfg = Debug|Any CPU
		{AFACCAB1-61C1-44B7-B258-BA7774D7735B}.Debug|Any CPU.Build.0 = Debug|Any CPU
		{AFACCAB1-61C1-44B7-B258-BA7774D7735B}.Release|Any CPU.ActiveCfg = Release|Any CPU
		{AFACCAB1-61C1-44B7-B258-BA7774D7735B}.Release|Any CPU.Build.0 = Release|Any CPU
		{02169855-6875-4EF9-B642-F1B2BE16AF52}.Debug|Any CPU.ActiveCfg = Debug|Any CPU
		{02169855-6875-4EF9-B642-F1B2BE16AF52}.Debug|Any CPU.Build.0 = Debug|Any CPU
		{02169855-6875-4EF9-B642-F1B2BE16AF52}.Release|Any CPU.ActiveCfg = Release|Any CPU
		{02169855-6875-4EF9-B642-F1B2BE16AF52}.Release|Any CPU.Build.0 = Release|Any CPU
		{7282667D-6EE9-454D-871E-01BF0EE13389}.Debug|Any CPU.ActiveCfg = Debug|Any CPU
		{7282667D-6EE9-454D-871E-01BF0EE13389}.Debug|Any CPU.Build.0 = Debug|Any CPU
		{7282667D-6EE9-454D-871E-01BF0EE13389}.Release|Any CPU.ActiveCfg = Release|Any CPU
		{7282667D-6EE9-454D-871E-01BF0EE13389}.Release|Any CPU.Build.0 = Release|Any CPU
	EndGlobalSection
	GlobalSection(SolutionProperties) = preSolution
		HideSolutionNode = FALSE
	EndGlobalSection
	GlobalSection(ExtensibilityGlobals) = postSolution
		SolutionGuid = {4CFA4333-8382-47FE-BE70-C31D3D23AB59}
	EndGlobalSection
EndGlobal
